
Microsoft Visual Studio Solution File, Format Version 11.00
# Visual Studio 2010
Project("{FAE04EC0-301F-11D3-BF4B-00C04F79EFBC}") = "Assembly-CSharp-Editor", "Assembly-CSharp-Editor.csproj", "{b393e1a0-2514-ce71-ed2f-de27dbd447ab}"
EndProject
Project("{FAE04EC0-301F-11D3-BF4B-00C04F79EFBC}") = "Assembly-CSharp", "Assembly-CSharp.csproj", "{27beec62-8365-66b5-bf12-d1643b7347ee}"
EndProject
Global
	GlobalSection(SolutionConfigurationPlatforms) = preSolution
		Debug|Any CPU = Debug|Any CPU
	EndGlobalSection
	GlobalSection(ProjectConfigurationPlatforms) = postSolution
		{b393e1a0-2514-ce71-ed2f-de27dbd447ab}.Debug|Any CPU.ActiveCfg = Debug|Any CPU
		{b393e1a0-2514-ce71-ed2f-de27dbd447ab}.Debug|Any CPU.Build.0 = Debug|Any CPU
		{27beec62-8365-66b5-bf12-d1643b7347ee}.Debug|Any CPU.ActiveCfg = Debug|Any CPU
		{27beec62-8365-66b5-bf12-d1643b7347ee}.Debug|Any CPU.Build.0 = Debug|Any CPU
	EndGlobalSection
	GlobalSection(SolutionProperties) = preSolution
		HideSolutionNode = FALSE
	EndGlobalSection
EndGlobal
